PODS:
  - Flutter (1.0.0)
  - owl_detection_camera (0.0.6):
    - Flutter
  - permission_handler_apple (9.0.2):
    - Flutter

DEPENDENCIES:
  - Flutter (from `Flutter`)
  - owl_detection_camera (from `.symlinks/plugins/owl_detection_camera/ios`)
  - permission_handler_apple (from `.symlinks/plugins/permission_handler_apple/ios`)

EXTERNAL SOURCES:
  Flutter:
    :path: Flutter
  owl_detection_camera:
    :path: ".symlinks/plugins/owl_detection_camera/ios"
  permission_handler_apple:
    :path: ".symlinks/plugins/permission_handler_apple/ios"

SPEC CHECKSUMS:
  Flutter: f04841e97a9d0b0a8025694d0796dd46242b2854
  owl_detection_camera: 26b5e6d01cc9f083b198656f973db6eba8739e0f
  permission_handler_apple: d21b38e1a4b2e041c63af9568f9165e114e507a6

PODFILE CHECKSUM: ef19549a9bc3046e7bb7d2fab4d021637c0c58a3

COCOAPODS: 1.10.1
